
Microsoft Visual Studio Solution File, Format Version 12.00
# Visual Studio Version 17
VisualStudioVersion = 17.3.32901.215
MinimumVisualStudioVersion = 10.0.40219.1
Project("{8BC9CEB8-8B4A-11D0-8D11-00A0C91BC942}") = "Task1", "Task1\Task1.vcxproj", "{310F3784-0102-49B2-9132-A11ECE2DE36A}"
EndProject
Project("{8BC9CEB8-8B4A-11D0-8D11-00A0C91BC942}") = "Task2", "Task2\Task2.vcxproj", "{DF748040-BCEA-44BF-8225-63D583FA180E}"
EndProject
Project("{8BC9CEB8-8B4A-11D0-8D11-00A0C91BC942}") = "Task3", "Task3\Task3.vcxproj", "{F544DF73-B8C5-489F-9CEA-BB4EF8CB9963}"
EndProject
Project("{8BC9CEB8-8B4A-11D0-8D11-00A0C91BC942}") = "Task4", "Task4\Task4.vcxproj", "{614F2BE9-C480-4E53-AB6C-4B60BA1E625F}"
EndProject
Project("{8BC9CEB8-8B4A-11D0-8D11-00A0C91BC942}") = "Task5", "Task5\Task5.vcxproj", "{8EFD7D98-27B1-4494-9989-63AC1E6ADCD8}"
EndProject
Project("{8BC9CEB8-8B4A-11D0-8D11-00A0C91BC942}") = "Task6", "Task6\Task6.vcxproj", "{411B6663-D0BD-49D8-A848-BBF2BF7CF9D9}"
EndProject
Project("{8BC9CEB8-8B4A-11D0-8D11-00A0C91BC942}") = "Task7", "Task7\Task7.vcxproj", "{46162C58-6451-4472-BF49-E2B5A28E2382}"
EndProject
Project("{8BC9CEB8-8B4A-11D0-8D11-00A0C91BC942}") = "Task8", "Task8\Task8.vcxproj", "{D21A2683-C876-4FBC-BC5E-98810414BD7B}"
EndProject
Project("{8BC9CEB8-8B4A-11D0-8D11-00A0C91BC942}") = "Task9", "Task9\Task9.vcxproj", "{EC1F4BEE-E3DB-4496-ABF9-05E5A82FC8F8}"
EndProject
Project("{8BC9CEB8-8B4A-11D0-8D11-00A0C91BC942}") = "Task 10", "Task 10\Task 10.vcxproj", "{D1D8901B-A822-490F-9BDE-3BAE79EA9601}"
EndProject
Global
	GlobalSection(SolutionConfigurationPlatforms) = preSolution
		Debug|x64 = Debug|x64
		Debug|x86 = Debug|x86
		Release|x64 = Release|x64
		Release|x86 = Release|x86
	EndGlobalSection
	GlobalSection(ProjectConfigurationPlatforms) = postSolution
		{310F3784-0102-49B2-9132-A11ECE2DE36A}.Debug|x64.ActiveCfg = Debug|x64
		{310F3784-0102-49B2-9132-A11ECE2DE36A}.Debug|x64.Build.0 = Debug|x64
		{310F3784-0102-49B2-9132-A11ECE2DE36A}.Debug|x86.ActiveCfg = Debug|Win32
		{310F3784-0102-49B2-9132-A11ECE2DE36A}.Debug|x86.Build.0 = Debug|Win32
		{310F3784-0102-49B2-9132-A11ECE2DE36A}.Release|x64.ActiveCfg = Release|x64
		{310F3784-0102-49B2-9132-A11ECE2DE36A}.Release|x64.Build.0 = Release|x64
		{310F3784-0102-49B2-9132-A11ECE2DE36A}.Release|x86.ActiveCfg = Release|Win32
		{310F3784-0102-49B2-9132-A11ECE2DE36A}.Release|x86.Build.0 = Release|Win32
		{DF748040-BCEA-44BF-8225-63D583FA180E}.Debug|x64.ActiveCfg = Debug|x64
		{DF748040-BCEA-44BF-8225-63D583FA180E}.Debug|x64.Build.0 = Debug|x64
		{DF748040-BCEA-44BF-8225-63D583FA180E}.Debug|x86.ActiveCfg = Debug|Win32
		{DF748040-BCEA-44BF-8225-63D583FA180E}.Debug|x86.Build.0 = Debug|Win32
		{DF748040-BCEA-44BF-8225-63D583FA180E}.Release|x64.ActiveCfg = Release|x64
		{DF748040-BCEA-44BF-8225-63D583FA180E}.Release|x64.Build.0 = Release|x64
		{DF748040-BCEA-44BF-8225-63D583FA180E}.Release|x86.ActiveCfg = Release|Win32
		{DF748040-BCEA-44BF-8225-63D583FA180E}.Release|x86.Build.0 = Release|Win32
		{F544DF73-B8C5-489F-9CEA-BB4EF8CB9963}.Debug|x64.ActiveCfg = Debug|x64
		{F544DF73-B8C5-489F-9CEA-BB4EF8CB9963}.Debug|x64.Build.0 = Debug|x64
		{F544DF73-B8C5-489F-9CEA-BB4EF8CB9963}.Debug|x86.ActiveCfg = Debug|Win32
		{F544DF73-B8C5-489F-9CEA-BB4EF8CB9963}.Debug|x86.Build.0 = Debug|Win32
		{F544DF73-B8C5-489F-9CEA-BB4EF8CB9963}.Release|x64.ActiveCfg = Release|x64
		{F544DF73-B8C5-489F-9CEA-BB4EF8CB9963}.Release|x64.Build.0 = Release|x64
		{F544DF73-B8C5-489F-9CEA-BB4EF8CB9963}.Release|x86.ActiveCfg = Release|Win32
		{F544DF73-B8C5-489F-9CEA-BB4EF8CB9963}.Release|x86.Build.0 = Release|Win32
		{614F2BE9-C480-4E53-AB6C-4B60BA1E625F}.Debug|x64.ActiveCfg = Debug|x64
		{614F2BE9-C480-4E53-AB6C-4B60BA1E625F}.Debug|x64.Build.0 = Debug|x64
		{614F2BE9-C480-4E53-AB6C-4B60BA1E625F}.Debug|x86.ActiveCfg = Debug|Win32
		{614F2BE9-C480-4E53-AB6C-4B60BA1E625F}.Debug|x86.Build.0 = Debug|Win32
		{614F2BE9-C480-4E53-AB6C-4B60BA1E625F}.Release|x64.ActiveCfg = Release|x64
		{614F2BE9-C480-4E53-AB6C-4B60BA1E625F}.Release|x64.Build.0 = Release|x64
		{614F2BE9-C480-4E53-AB6C-4B60BA1E625F}.Release|x86.ActiveCfg = Release|Win32
		{614F2BE9-C480-4E53-AB6C-4B60BA1E625F}.Release|x86.Build.0 = Release|Win32
		{8EFD7D98-27B1-4494-9989-63AC1E6ADCD8}.Debug|x64.ActiveCfg = Debug|x64
		{8EFD7D98-27B1-4494-9989-63AC1E6ADCD8}.Debug|x64.Build.0 = Debug|x64
		{8EFD7D98-27B1-4494-9989-63AC1E6ADCD8}.Debug|x86.ActiveCfg = Debug|Win32
		{8EFD7D98-27B1-4494-9989-63AC1E6ADCD8}.Debug|x86.Build.0 = Debug|Win32
		{8EFD7D98-27B1-4494-9989-63AC1E6ADCD8}.Release|x64.ActiveCfg = Release|x64
		{8EFD7D98-27B1-4494-9989-63AC1E6ADCD8}.Release|x64.Build.0 = Release|x64
		{8EFD7D98-27B1-4494-9989-63AC1E6ADCD8}.Release|x86.ActiveCfg = Release|Win32
		{8EFD7D98-27B1-4494-9989-63AC1E6ADCD8}.Release|x86.Build.0 = Release|Win32
		{411B6663-D0BD-49D8-A848-BBF2BF7CF9D9}.Debug|x64.ActiveCfg = Debug|x64
		{411B6663-D0BD-49D8-A848-BBF2BF7CF9D9}.Debug|x64.Build.0 = Debug|x64
		{411B6663-D0BD-49D8-A848-BBF2BF7CF9D9}.Debug|x86.ActiveCfg = Debug|Win32
		{411B6663-D0BD-49D8-A848-BBF2BF7CF9D9}.Debug|x86.Build.0 = Debug|Win32
		{411B6663-D0BD-49D8-A848-BBF2BF7CF9D9}.Release|x64.ActiveCfg = Release|x64
		{411B6663-D0BD-49D8-A848-BBF2BF7CF9D9}.Release|x64.Build.0 = Release|x64
		{411B6663-D0BD-49D8-A848-BBF2BF7CF9D9}.Release|x86.ActiveCfg = Release|Win32
		{411B6663-D0BD-49D8-A848-BBF2BF7CF9D9}.Release|x86.Build.0 = Release|Win32
		{46162C58-6451-4472-BF49-E2B5A28E2382}.Debug|x64.ActiveCfg = Debug|x64
		{46162C58-6451-4472-BF49-E2B5A28E2382}.Debug|x64.Build.0 = Debug|x64
		{46162C58-6451-4472-BF49-E2B5A28E2382}.Debug|x86.ActiveCfg = Debug|Win32
		{46162C58-6451-4472-BF49-E2B5A28E2382}.Debug|x86.Build.0 = Debug|Win32
		{46162C58-6451-4472-BF49-E2B5A28E2382}.Release|x64.ActiveCfg = Release|x64
		{46162C58-6451-4472-BF49-E2B5A28E2382}.Release|x64.Build.0 = Release|x64
		{46162C58-6451-4472-BF49-E2B5A28E2382}.Release|x86.ActiveCfg = Release|Win32
		{46162C58-6451-4472-BF49-E2B5A28E2382}.Release|x86.Build.0 = Release|Win32
		{D21A2683-C876-4FBC-BC5E-98810414BD7B}.Debug|x64.ActiveCfg = Debug|x64
		{D21A2683-C876-4FBC-BC5E-98810414BD7B}.Debug|x64.Build.0 = Debug|x64
		{D21A2683-C876-4FBC-BC5E-98810414BD7B}.Debug|x86.ActiveCfg = Debug|Win32
		{D21A2683-C876-4FBC-BC5E-98810414BD7B}.Debug|x86.Build.0 = Debug|Win32
		{D21A2683-C876-4FBC-BC5E-98810414BD7B}.Release|x64.ActiveCfg = Release|x64
		{D21A2683-C876-4FBC-BC5E-98810414BD7B}.Release|x64.Build.0 = Release|x64
		{D21A2683-C876-4FBC-BC5E-98810414BD7B}.Release|x86.ActiveCfg = Release|Win32
		{D21A2683-C876-4FBC-BC5E-98810414BD7B}.Release|x86.Build.0 = Release|Win32
		{EC1F4BEE-E3DB-4496-ABF9-05E5A82FC8F8}.Debug|x64.ActiveCfg = Debug|x64
		{EC1F4BEE-E3DB-4496-ABF9-05E5A82FC8F8}.Debug|x64.Build.0 = Debug|x64
		{EC1F4BEE-E3DB-4496-ABF9-05E5A82FC8F8}.Debug|x86.ActiveCfg = Debug|Win32
		{EC1F4BEE-E3DB-4496-ABF9-05E5A82FC8F8}.Debug|x86.Build.0 = Debug|Win32
		{EC1F4BEE-E3DB-4496-ABF9-05E5A82FC8F8}.Release|x64.ActiveCfg = Release|x64
		{EC1F4BEE-E3DB-4496-ABF9-05E5A82FC8F8}.Release|x64.Build.0 = Release|x64
		{EC1F4BEE-E3DB-4496-ABF9-05E5A82FC8F8}.Release|x86.ActiveCfg = Release|Win32
		{EC1F4BEE-E3DB-4496-ABF9-05E5A82FC8F8}.Release|x86.Build.0 = Release|Win32
		{D1D8901B-A822-490F-9BDE-3BAE79EA9601}.Debug|x64.ActiveCfg = Debug|x64
		{D1D8901B-A822-490F-9BDE-3BAE79EA9601}.Debug|x64.Build.0 = Debug|x64
		{D1D8901B-A822-490F-9BDE-3BAE79EA9601}.Debug|x86.ActiveCfg = Debug|Win32
		{D1D8901B-A822-490F-9BDE-3BAE79EA9601}.Debug|x86.Build.0 = Debug|Win32
		{D1D8901B-A822-490F-9BDE-3BAE79EA9601}.Release|x64.ActiveCfg = Release|x64
		{D1D8901B-A822-490F-9BDE-3BAE79EA9601}.Release|x64.Build.0 = Release|x64
		{D1D8901B-A822-490F-9BDE-3BAE79EA9601}.Release|x86.ActiveCfg = Release|Win32
		{D1D8901B-A822-490F-9BDE-3BAE79EA9601}.Release|x86.Build.0 = Release|Win32
	EndGlobalSection
	GlobalSection(SolutionProperties) = preSolution
		HideSolutionNode = FALSE
	EndGlobalSection
	GlobalSection(ExtensibilityGlobals) = postSolution
		SolutionGuid = {D660557B-5913-4FC8-89B2-AA59A8681762}
	EndGlobalSection
EndGlobal
