
Microsoft Visual Studio Solution File, Format Version 12.00
# Visual Studio Version 17
VisualStudioVersion = 17.3.32901.215
MinimumVisualStudioVersion = 10.0.40219.1
Project("{8BC9CEB8-8B4A-11D0-8D11-00A0C91BC942}") = "Task1", "Task1\Task1.vcxproj", "{1FEEBADB-F3DF-4B2D-ADA1-826A51E620FB}"
EndProject
Project("{8BC9CEB8-8B4A-11D0-8D11-00A0C91BC942}") = "Task2", "Task2\Task2.vcxproj", "{C36C85E9-BB90-40F0-83D3-A42E75037FDC}"
EndProject
Project("{8BC9CEB8-8B4A-11D0-8D11-00A0C91BC942}") = "Task3", "Task3\Task3.vcxproj", "{079372EB-F1D0-494B-9DC8-695C2A927711}"
EndProject
Project("{8BC9CEB8-8B4A-11D0-8D11-00A0C91BC942}") = "Task4", "Task4\Task4.vcxproj", "{C5D8C7C3-26B1-4D33-BAC8-E24CAE952321}"
EndProject
Project("{8BC9CEB8-8B4A-11D0-8D11-00A0C91BC942}") = "Task5", "Task5\Task5.vcxproj", "{8317CE3D-6AA5-465C-B14D-230E7C005990}"
EndProject
Project("{8BC9CEB8-8B4A-11D0-8D11-00A0C91BC942}") = "Task6", "Task6\Task6.vcxproj", "{29AC5C96-CC6B-4246-88A8-7F33CF3C11E4}"
EndProject
Project("{8BC9CEB8-8B4A-11D0-8D11-00A0C91BC942}") = "Task7", "Task7\Task7.vcxproj", "{8FC56D5C-D975-4E1A-8DCC-FC3B89B06031}"
EndProject
Project("{8BC9CEB8-8B4A-11D0-8D11-00A0C91BC942}") = "Task10", "Task10\Task10.vcxproj", "{38D95283-1E59-4D2D-B798-D742AE314BB4}"
EndProject
Project("{8BC9CEB8-8B4A-11D0-8D11-00A0C91BC942}") = "Task8", "Task8\Task8.vcxproj", "{DDAB96CD-4249-47F0-AB92-D47B1A519BB7}"
EndProject
Project("{8BC9CEB8-8B4A-11D0-8D11-00A0C91BC942}") = "Task9", "Task9\Task9.vcxproj", "{0D8EA7C2-A7AC-4C39-84BB-9A7BA6126686}"
EndProject
Global
	GlobalSection(SolutionConfigurationPlatforms) = preSolution
		Debug|x64 = Debug|x64
		Debug|x86 = Debug|x86
		Release|x64 = Release|x64
		Release|x86 = Release|x86
	EndGlobalSection
	GlobalSection(ProjectConfigurationPlatforms) = postSolution
		{1FEEBADB-F3DF-4B2D-ADA1-826A51E620FB}.Debug|x64.ActiveCfg = Debug|x64
		{1FEEBADB-F3DF-4B2D-ADA1-826A51E620FB}.Debug|x64.Build.0 = Debug|x64
		{1FEEBADB-F3DF-4B2D-ADA1-826A51E620FB}.Debug|x86.ActiveCfg = Debug|Win32
		{1FEEBADB-F3DF-4B2D-ADA1-826A51E620FB}.Debug|x86.Build.0 = Debug|Win32
		{1FEEBADB-F3DF-4B2D-ADA1-826A51E620FB}.Release|x64.ActiveCfg = Release|x64
		{1FEEBADB-F3DF-4B2D-ADA1-826A51E620FB}.Release|x64.Build.0 = Release|x64
		{1FEEBADB-F3DF-4B2D-ADA1-826A51E620FB}.Release|x86.ActiveCfg = Release|Win32
		{1FEEBADB-F3DF-4B2D-ADA1-826A51E620FB}.Release|x86.Build.0 = Release|Win32
		{C36C85E9-BB90-40F0-83D3-A42E75037FDC}.Debug|x64.ActiveCfg = Debug|x64
		{C36C85E9-BB90-40F0-83D3-A42E75037FDC}.Debug|x64.Build.0 = Debug|x64
		{C36C85E9-BB90-40F0-83D3-A42E75037FDC}.Debug|x86.ActiveCfg = Debug|Win32
		{C36C85E9-BB90-40F0-83D3-A42E75037FDC}.Debug|x86.Build.0 = Debug|Win32
		{C36C85E9-BB90-40F0-83D3-A42E75037FDC}.Release|x64.ActiveCfg = Release|x64
		{C36C85E9-BB90-40F0-83D3-A42E75037FDC}.Release|x64.Build.0 = Release|x64
		{C36C85E9-BB90-40F0-83D3-A42E75037FDC}.Release|x86.ActiveCfg = Release|Win32
		{C36C85E9-BB90-40F0-83D3-A42E75037FDC}.Release|x86.Build.0 = Release|Win32
		{079372EB-F1D0-494B-9DC8-695C2A927711}.Debug|x64.ActiveCfg = Debug|x64
		{079372EB-F1D0-494B-9DC8-695C2A927711}.Debug|x64.Build.0 = Debug|x64
		{079372EB-F1D0-494B-9DC8-695C2A927711}.Debug|x86.ActiveCfg = Debug|Win32
		{079372EB-F1D0-494B-9DC8-695C2A927711}.Debug|x86.Build.0 = Debug|Win32
		{079372EB-F1D0-494B-9DC8-695C2A927711}.Release|x64.ActiveCfg = Release|x64
		{079372EB-F1D0-494B-9DC8-695C2A927711}.Release|x64.Build.0 = Release|x64
		{079372EB-F1D0-494B-9DC8-695C2A927711}.Release|x86.ActiveCfg = Release|Win32
		{079372EB-F1D0-494B-9DC8-695C2A927711}.Release|x86.Build.0 = Release|Win32
		{C5D8C7C3-26B1-4D33-BAC8-E24CAE952321}.Debug|x64.ActiveCfg = Debug|x64
		{C5D8C7C3-26B1-4D33-BAC8-E24CAE952321}.Debug|x64.Build.0 = Debug|x64
		{C5D8C7C3-26B1-4D33-BAC8-E24CAE952321}.Debug|x86.ActiveCfg = Debug|Win32
		{C5D8C7C3-26B1-4D33-BAC8-E24CAE952321}.Debug|x86.Build.0 = Debug|Win32
		{C5D8C7C3-26B1-4D33-BAC8-E24CAE952321}.Release|x64.ActiveCfg = Release|x64
		{C5D8C7C3-26B1-4D33-BAC8-E24CAE952321}.Release|x64.Build.0 = Release|x64
		{C5D8C7C3-26B1-4D33-BAC8-E24CAE952321}.Release|x86.ActiveCfg = Release|Win32
		{C5D8C7C3-26B1-4D33-BAC8-E24CAE952321}.Release|x86.Build.0 = Release|Win32
		{8317CE3D-6AA5-465C-B14D-230E7C005990}.Debug|x64.ActiveCfg = Debug|x64
		{8317CE3D-6AA5-465C-B14D-230E7C005990}.Debug|x64.Build.0 = Debug|x64
		{8317CE3D-6AA5-465C-B14D-230E7C005990}.Debug|x86.ActiveCfg = Debug|Win32
		{8317CE3D-6AA5-465C-B14D-230E7C005990}.Debug|x86.Build.0 = Debug|Win32
		{8317CE3D-6AA5-465C-B14D-230E7C005990}.Release|x64.ActiveCfg = Release|x64
		{8317CE3D-6AA5-465C-B14D-230E7C005990}.Release|x64.Build.0 = Release|x64
		{8317CE3D-6AA5-465C-B14D-230E7C005990}.Release|x86.ActiveCfg = Release|Win32
		{8317CE3D-6AA5-465C-B14D-230E7C005990}.Release|x86.Build.0 = Release|Win32
		{29AC5C96-CC6B-4246-88A8-7F33CF3C11E4}.Debug|x64.ActiveCfg = Debug|x64
		{29AC5C96-CC6B-4246-88A8-7F33CF3C11E4}.Debug|x64.Build.0 = Debug|x64
		{29AC5C96-CC6B-4246-88A8-7F33CF3C11E4}.Debug|x86.ActiveCfg = Debug|Win32
		{29AC5C96-CC6B-4246-88A8-7F33CF3C11E4}.Debug|x86.Build.0 = Debug|Win32
		{29AC5C96-CC6B-4246-88A8-7F33CF3C11E4}.Release|x64.ActiveCfg = Release|x64
		{29AC5C96-CC6B-4246-88A8-7F33CF3C11E4}.Release|x64.Build.0 = Release|x64
		{29AC5C96-CC6B-4246-88A8-7F33CF3C11E4}.Release|x86.ActiveCfg = Release|Win32
		{29AC5C96-CC6B-4246-88A8-7F33CF3C11E4}.Release|x86.Build.0 = Release|Win32
		{8FC56D5C-D975-4E1A-8DCC-FC3B89B06031}.Debug|x64.ActiveCfg = Debug|x64
		{8FC56D5C-D975-4E1A-8DCC-FC3B89B06031}.Debug|x64.Build.0 = Debug|x64
		{8FC56D5C-D975-4E1A-8DCC-FC3B89B06031}.Debug|x86.ActiveCfg = Debug|Win32
		{8FC56D5C-D975-4E1A-8DCC-FC3B89B06031}.Debug|x86.Build.0 = Debug|Win32
		{8FC56D5C-D975-4E1A-8DCC-FC3B89B06031}.Release|x64.ActiveCfg = Release|x64
		{8FC56D5C-D975-4E1A-8DCC-FC3B89B06031}.Release|x64.Build.0 = Release|x64
		{8FC56D5C-D975-4E1A-8DCC-FC3B89B06031}.Release|x86.ActiveCfg = Release|Win32
		{8FC56D5C-D975-4E1A-8DCC-FC3B89B06031}.Release|x86.Build.0 = Release|Win32
		{38D95283-1E59-4D2D-B798-D742AE314BB4}.Debug|x64.ActiveCfg = Debug|x64
		{38D95283-1E59-4D2D-B798-D742AE314BB4}.Debug|x64.Build.0 = Debug|x64
		{38D95283-1E59-4D2D-B798-D742AE314BB4}.Debug|x86.ActiveCfg = Debug|Win32
		{38D95283-1E59-4D2D-B798-D742AE314BB4}.Debug|x86.Build.0 = Debug|Win32
		{38D95283-1E59-4D2D-B798-D742AE314BB4}.Release|x64.ActiveCfg = Release|x64
		{38D95283-1E59-4D2D-B798-D742AE314BB4}.Release|x64.Build.0 = Release|x64
		{38D95283-1E59-4D2D-B798-D742AE314BB4}.Release|x86.ActiveCfg = Release|Win32
		{38D95283-1E59-4D2D-B798-D742AE314BB4}.Release|x86.Build.0 = Release|Win32
		{DDAB96CD-4249-47F0-AB92-D47B1A519BB7}.Debug|x64.ActiveCfg = Debug|x64
		{DDAB96CD-4249-47F0-AB92-D47B1A519BB7}.Debug|x64.Build.0 = Debug|x64
		{DDAB96CD-4249-47F0-AB92-D47B1A519BB7}.Debug|x86.ActiveCfg = Debug|Win32
		{DDAB96CD-4249-47F0-AB92-D47B1A519BB7}.Debug|x86.Build.0 = Debug|Win32
		{DDAB96CD-4249-47F0-AB92-D47B1A519BB7}.Release|x64.ActiveCfg = Release|x64
		{DDAB96CD-4249-47F0-AB92-D47B1A519BB7}.Release|x64.Build.0 = Release|x64
		{DDAB96CD-4249-47F0-AB92-D47B1A519BB7}.Release|x86.ActiveCfg = Release|Win32
		{DDAB96CD-4249-47F0-AB92-D47B1A519BB7}.Release|x86.Build.0 = Release|Win32
		{0D8EA7C2-A7AC-4C39-84BB-9A7BA6126686}.Debug|x64.ActiveCfg = Debug|x64
		{0D8EA7C2-A7AC-4C39-84BB-9A7BA6126686}.Debug|x64.Build.0 = Debug|x64
		{0D8EA7C2-A7AC-4C39-84BB-9A7BA6126686}.Debug|x86.ActiveCfg = Debug|Win32
		{0D8EA7C2-A7AC-4C39-84BB-9A7BA6126686}.Debug|x86.Build.0 = Debug|Win32
		{0D8EA7C2-A7AC-4C39-84BB-9A7BA6126686}.Release|x64.ActiveCfg = Release|x64
		{0D8EA7C2-A7AC-4C39-84BB-9A7BA6126686}.Release|x64.Build.0 = Release|x64
		{0D8EA7C2-A7AC-4C39-84BB-9A7BA6126686}.Release|x86.ActiveCfg = Release|Win32
		{0D8EA7C2-A7AC-4C39-84BB-9A7BA6126686}.Release|x86.Build.0 = Release|Win32
	EndGlobalSection
	GlobalSection(SolutionProperties) = preSolution
		HideSolutionNode = FALSE
	EndGlobalSection
	GlobalSection(ExtensibilityGlobals) = postSolution
		SolutionGuid = {0999777B-118F-498C-B21C-EC70B02ACE6C}
	EndGlobalSection
EndGlobal
