
Microsoft Visual Studio Solution File, Format Version 12.00
# Visual Studio Version 17
VisualStudioVersion = 17.3.32901.215
MinimumVisualStudioVersion = 10.0.40219.1
Project("{8BC9CEB8-8B4A-11D0-8D11-00A0C91BC942}") = "Task1", "Task1\Task1.vcxproj", "{B658C2B0-1E78-4C96-B7E8-26C0C660A82A}"
EndProject
Project("{8BC9CEB8-8B4A-11D0-8D11-00A0C91BC942}") = "Task2", "Task2\Task2.vcxproj", "{AF8C83AC-47B0-423A-AFBA-87736EA48E4D}"
EndProject
Project("{8BC9CEB8-8B4A-11D0-8D11-00A0C91BC942}") = "Task3", "Task3\Task3.vcxproj", "{F07411F0-9788-4D9C-A4DC-94C207B34636}"
EndProject
Global
	GlobalSection(SolutionConfigurationPlatforms) = preSolution
		Debug|x64 = Debug|x64
		Debug|x86 = Debug|x86
		Release|x64 = Release|x64
		Release|x86 = Release|x86
	EndGlobalSection
	GlobalSection(ProjectConfigurationPlatforms) = postSolution
		{B658C2B0-1E78-4C96-B7E8-26C0C660A82A}.Debug|x64.ActiveCfg = Debug|x64
		{B658C2B0-1E78-4C96-B7E8-26C0C660A82A}.Debug|x64.Build.0 = Debug|x64
		{B658C2B0-1E78-4C96-B7E8-26C0C660A82A}.Debug|x86.ActiveCfg = Debug|Win32
		{B658C2B0-1E78-4C96-B7E8-26C0C660A82A}.Debug|x86.Build.0 = Debug|Win32
		{B658C2B0-1E78-4C96-B7E8-26C0C660A82A}.Release|x64.ActiveCfg = Release|x64
		{B658C2B0-1E78-4C96-B7E8-26C0C660A82A}.Release|x64.Build.0 = Release|x64
		{B658C2B0-1E78-4C96-B7E8-26C0C660A82A}.Release|x86.ActiveCfg = Release|Win32
		{B658C2B0-1E78-4C96-B7E8-26C0C660A82A}.Release|x86.Build.0 = Release|Win32
		{AF8C83AC-47B0-423A-AFBA-87736EA48E4D}.Debug|x64.ActiveCfg = Debug|x64
		{AF8C83AC-47B0-423A-AFBA-87736EA48E4D}.Debug|x64.Build.0 = Debug|x64
		{AF8C83AC-47B0-423A-AFBA-87736EA48E4D}.Debug|x86.ActiveCfg = Debug|Win32
		{AF8C83AC-47B0-423A-AFBA-87736EA48E4D}.Debug|x86.Build.0 = Debug|Win32
		{AF8C83AC-47B0-423A-AFBA-87736EA48E4D}.Release|x64.ActiveCfg = Release|x64
		{AF8C83AC-47B0-423A-AFBA-87736EA48E4D}.Release|x64.Build.0 = Release|x64
		{AF8C83AC-47B0-423A-AFBA-87736EA48E4D}.Release|x86.ActiveCfg = Release|Win32
		{AF8C83AC-47B0-423A-AFBA-87736EA48E4D}.Release|x86.Build.0 = Release|Win32
		{F07411F0-9788-4D9C-A4DC-94C207B34636}.Debug|x64.ActiveCfg = Debug|x64
		{F07411F0-9788-4D9C-A4DC-94C207B34636}.Debug|x64.Build.0 = Debug|x64
		{F07411F0-9788-4D9C-A4DC-94C207B34636}.Debug|x86.ActiveCfg = Debug|Win32
		{F07411F0-9788-4D9C-A4DC-94C207B34636}.Debug|x86.Build.0 = Debug|Win32
		{F07411F0-9788-4D9C-A4DC-94C207B34636}.Release|x64.ActiveCfg = Release|x64
		{F07411F0-9788-4D9C-A4DC-94C207B34636}.Release|x64.Build.0 = Release|x64
		{F07411F0-9788-4D9C-A4DC-94C207B34636}.Release|x86.ActiveCfg = Release|Win32
		{F07411F0-9788-4D9C-A4DC-94C207B34636}.Release|x86.Build.0 = Release|Win32
	EndGlobalSection
	GlobalSection(SolutionProperties) = preSolution
		HideSolutionNode = FALSE
	EndGlobalSection
	GlobalSection(ExtensibilityGlobals) = postSolution
		SolutionGuid = {25CFA1AE-1F78-4310-A7AB-C24058474992}
	EndGlobalSection
EndGlobal
